
Microsoft Visual Studio Solution File, Format Version 12.00
# Visual Studio Version 16
VisualStudioVersion = 16.0.30523.141
MinimumVisualStudioVersion = 10.0.40219.1
Project("{FAE04EC0-301F-11D3-BF4B-00C04F79EFBC}") = "FutbolDb", "FutbolDb\FutbolDb.csproj", "{444923F9-0DF7-4413-AD6B-4F6D33DACFC6}"
EndProject
Global
	GlobalSection(SolutionConfigurationPlatforms) = preSolution
		Debug|Any CPU = Debug|Any CPU
		Release|Any CPU = Release|Any CPU
	EndGlobalSection
	GlobalSection(ProjectConfigurationPlatforms) = postSolution
		{444923F9-0DF7-4413-AD6B-4F6D33DACFC6}.Debug|Any CPU.ActiveCfg = Debug|Any CPU
		{444923F9-0DF7-4413-AD6B-4F6D33DACFC6}.Debug|Any CPU.Build.0 = Debug|Any CPU
		{444923F9-0DF7-4413-AD6B-4F6D33DACFC6}.Release|Any CPU.ActiveCfg = Release|Any CPU
		{444923F9-0DF7-4413-AD6B-4F6D33DACFC6}.Release|Any CPU.Build.0 = Release|Any CPU
	EndGlobalSection
	GlobalSection(SolutionProperties) = preSolution
		HideSolutionNode = FALSE
	EndGlobalSection
	GlobalSection(ExtensibilityGlobals) = postSolution
		SolutionGuid = {8F153D63-CAF9-46A9-85A0-29F4C237CFBF}
	EndGlobalSection
EndGlobal
